
Microsoft Visual Studio Solution File, Format Version 12.00
# Visual Studio Version 16
VisualStudioVersion = 16.0.31410.357
MinimumVisualStudioVersion = 10.0.40219.1
Project("{8BC9CEB8-8B4A-11D0-8D11-00A0C91BC942}") = "SK-Lib-cmath-logb-Bagian3__CPP", "SK-Lib-cmath-logb-Bagian3__CPP\SK-Lib-cmath-logb-Bagian3__CPP.vcxproj", "{D554C820-F884-4248-B906-9C9EFF4948CC}"
EndProject
Global
	GlobalSection(SolutionConfigurationPlatforms) = preSolution
		Debug|x64 = Debug|x64
		Debug|x86 = Debug|x86
		Release|x64 = Release|x64
		Release|x86 = Release|x86
	EndGlobalSection
	GlobalSection(ProjectConfigurationPlatforms) = postSolution
		{D554C820-F884-4248-B906-9C9EFF4948CC}.Debug|x64.ActiveCfg = Debug|x64
		{D554C820-F884-4248-B906-9C9EFF4948CC}.Debug|x64.Build.0 = Debug|x64
		{D554C820-F884-4248-B906-9C9EFF4948CC}.Debug|x86.ActiveCfg = Debug|Win32
		{D554C820-F884-4248-B906-9C9EFF4948CC}.Debug|x86.Build.0 = Debug|Win32
		{D554C820-F884-4248-B906-9C9EFF4948CC}.Release|x64.ActiveCfg = Release|x64
		{D554C820-F884-4248-B906-9C9EFF4948CC}.Release|x64.Build.0 = Release|x64
		{D554C820-F884-4248-B906-9C9EFF4948CC}.Release|x86.ActiveCfg = Release|Win32
		{D554C820-F884-4248-B906-9C9EFF4948CC}.Release|x86.Build.0 = Release|Win32
	EndGlobalSection
	GlobalSection(SolutionProperties) = preSolution
		HideSolutionNode = FALSE
	EndGlobalSection
	GlobalSection(ExtensibilityGlobals) = postSolution
		SolutionGuid = {DDE61BA3-CD93-4E5E-BECA-267243093242}
	EndGlobalSection
EndGlobal
